github.com/google/uuid v1.6.0 h1:NIvaJDMOsjHA8n1jAhLSgzrAzy1Hgr+hNrb57e+94F0=
github.com/google/uuid v1.6.0/go.mod h1:TIyPZe4MgqvfeYDBFedMoGGpEw/LqOeaOT+nhxU+yHo=
github.com/pulsyflux/tcp v0.1.1 h1:NlWxVK2JLEr0EXU/JGkxNNactft4aFZwWmsX1BLtVVA=
github.com/pulsyflux/tcp v0.1.1/go.mod h1:01nG+XeuM1feboh02mEgHw9yo7tW4YwscuMTYI/XXQw=
